github.com/google/uuid v1.2.0 h1:qJYtXnJRWmpe7m/3XlyhrsLrEURqHRM2kxzoxXqyUDs=
github.com/google/uuid v1.2.0/go.mod h1:TIyPZe4MgqvfeYDBFedMoGGpEw/LqOeaOT+nhxU+yHo=
github.com/sijms/go-ora/v2 v2.2.25 h1:kj3lfg2HcVZkvZPgQ5PRcqb/K+e+J0T05opGnoDSmQQ=
github.com/sijms/go-ora/v2 v2.2.25/go.mod h1:0p/cbn0bdNYv2k6LPsSpGFwDpz0Tdg6A2KF+rT4SrW0=
